
Microsoft Visual Studio Solution File, Format Version 12.00
# Visual Studio Version 17
VisualStudioVersion = 17.9.34723.18
MinimumVisualStudioVersion = 10.0.40219.1
Project("{9A19103F-16F7-4668-BE54-9A1E7A4F7556}") = "FatJsonDLL", "FatJsonDLL.csproj", "{D8BFFEE2-279A-46FC-89CC-BA57DCBB7F55}"
EndProject
Global
	GlobalSection(SolutionConfigurationPlatforms) = preSolution
		Debug|Any CPU = Debug|Any CPU
		Release|Any CPU = Release|Any CPU
	EndGlobalSection
	GlobalSection(ProjectConfigurationPlatforms) = postSolution
		{D8BFFEE2-279A-46FC-89CC-BA57DCBB7F55}.Debug|Any CPU.ActiveCfg = Debug|Any CPU
		{D8BFFEE2-279A-46FC-89CC-BA57DCBB7F55}.Debug|Any CPU.Build.0 = Debug|Any CPU
		{D8BFFEE2-279A-46FC-89CC-BA57DCBB7F55}.Release|Any CPU.ActiveCfg = Release|Any CPU
		{D8BFFEE2-279A-46FC-89CC-BA57DCBB7F55}.Release|Any CPU.Build.0 = Release|Any CPU
	EndGlobalSection
	GlobalSection(SolutionProperties) = preSolution
		HideSolutionNode = FALSE
	EndGlobalSection
	GlobalSection(ExtensibilityGlobals) = postSolution
		SolutionGuid = {F6A0C98F-B09C-44DE-BF78-66EEE54E6956}
	EndGlobalSection
EndGlobal
